
Microsoft Visual Studio Solution File, Format Version 12.00
# Visual Studio 15
VisualStudioVersion = 15.0.27428.2037
MinimumVisualStudioVersion = 10.0.40219.1
Project("{FAE04EC0-301F-11D3-BF4B-00C04F79EFBC}") = "FindEvensOrOdds", "FindEvensOrOdds\FindEvensOrOdds.csproj", "{E317E6E5-BED2-422E-AA7B-B826B871ED82}"
EndProject
Global
	GlobalSection(SolutionConfigurationPlatforms) = preSolution
		Debug|Any CPU = Debug|Any CPU
		Release|Any CPU = Release|Any CPU
	EndGlobalSection
	GlobalSection(ProjectConfigurationPlatforms) = postSolution
		{E317E6E5-BED2-422E-AA7B-B826B871ED82}.Debug|Any CPU.ActiveCfg = Debug|Any CPU
		{E317E6E5-BED2-422E-AA7B-B826B871ED82}.Debug|Any CPU.Build.0 = Debug|Any CPU
		{E317E6E5-BED2-422E-AA7B-B826B871ED82}.Release|Any CPU.ActiveCfg = Release|Any CPU
		{E317E6E5-BED2-422E-AA7B-B826B871ED82}.Release|Any CPU.Build.0 = Release|Any CPU
	EndGlobalSection
	GlobalSection(SolutionProperties) = preSolution
		HideSolutionNode = FALSE
	EndGlobalSection
	GlobalSection(ExtensibilityGlobals) = postSolution
		SolutionGuid = {541B0C9A-A4B6-43D5-B4C1-8C84F6876CEE}
	EndGlobalSection
EndGlobal
